
Microsoft Visual Studio Solution File, Format Version 12.00
# Visual Studio Version 17
VisualStudioVersion = 17.8.34330.188
MinimumVisualStudioVersion = 10.0.40219.1
Project("{FAE04EC0-301F-11D3-BF4B-00C04F79EFBC}") = "Sheenam.Api", "Sheenam.Api\Sheenam.Api.csproj", "{29E3B707-0D30-410E-9AA7-8BBE7CBEE30D}"
EndProject
Global
	GlobalSection(SolutionConfigurationPlatforms) = preSolution
		Debug|Any CPU = Debug|Any CPU
		Release|Any CPU = Release|Any CPU
	EndGlobalSection
	GlobalSection(ProjectConfigurationPlatforms) = postSolution
		{29E3B707-0D30-410E-9AA7-8BBE7CBEE30D}.Debug|Any CPU.ActiveCfg = Debug|Any CPU
		{29E3B707-0D30-410E-9AA7-8BBE7CBEE30D}.Debug|Any CPU.Build.0 = Debug|Any CPU
		{29E3B707-0D30-410E-9AA7-8BBE7CBEE30D}.Release|Any CPU.ActiveCfg = Release|Any CPU
		{29E3B707-0D30-410E-9AA7-8BBE7CBEE30D}.Release|Any CPU.Build.0 = Release|Any CPU
	EndGlobalSection
	GlobalSection(SolutionProperties) = preSolution
		HideSolutionNode = FALSE
	EndGlobalSection
	GlobalSection(ExtensibilityGlobals) = postSolution
		SolutionGuid = {971C2217-8692-4F58-950B-0BCE473D5F29}
	EndGlobalSection
EndGlobal
